
Microsoft Visual Studio Solution File, Format Version 12.00
# Visual Studio Version 16
VisualStudioVersion = 16.0.29920.165
MinimumVisualStudioVersion = 10.0.40219.1
Project("{9A19103F-16F7-4668-BE54-9A1E7A4F7556}") = "FINAL PROJECT", "FINAL_DOT_NET\FINAL PROJECT.csproj", "{F6B30F2F-5C50-4F8F-9439-F39DBB5285C5}"
EndProject
Global
	GlobalSection(SolutionConfigurationPlatforms) = preSolution
		Debug|Any CPU = Debug|Any CPU
		Release|Any CPU = Release|Any CPU
	EndGlobalSection
	GlobalSection(ProjectConfigurationPlatforms) = postSolution
		{F6B30F2F-5C50-4F8F-9439-F39DBB5285C5}.Debug|Any CPU.ActiveCfg = Debug|Any CPU
		{F6B30F2F-5C50-4F8F-9439-F39DBB5285C5}.Debug|Any CPU.Build.0 = Debug|Any CPU
		{F6B30F2F-5C50-4F8F-9439-F39DBB5285C5}.Release|Any CPU.ActiveCfg = Release|Any CPU
		{F6B30F2F-5C50-4F8F-9439-F39DBB5285C5}.Release|Any CPU.Build.0 = Release|Any CPU
	EndGlobalSection
	GlobalSection(SolutionProperties) = preSolution
		HideSolutionNode = FALSE
	EndGlobalSection
	GlobalSection(ExtensibilityGlobals) = postSolution
		SolutionGuid = {B6FF0548-8E72-432A-BAFA-8F7ADB370F57}
	EndGlobalSection
EndGlobal
